
Microsoft Visual Studio Solution File, Format Version 12.00
# Visual Studio Version 16
VisualStudioVersion = 16.0.29728.190
MinimumVisualStudioVersion = 10.0.40219.1
Project("{9A19103F-16F7-4668-BE54-9A1E7A4F7556}") = "Web", "Web\Web.csproj", "{0C55A294-16A3-44FA-8BCD-4491CFD4AC37}"
EndProject
Project("{9A19103F-16F7-4668-BE54-9A1E7A4F7556}") = "DataLayer", "DataLayer\DataLayer.csproj", "{A36A6935-F2A7-44C6-B04D-60B82A2E874F}"
EndProject
Project("{9A19103F-16F7-4668-BE54-9A1E7A4F7556}") = "Core", "Core\Core.csproj", "{D77E1E42-75A3-4309-AE6F-7ACD826661F6}"
EndProject
Global
	GlobalSection(SolutionConfigurationPlatforms) = preSolution
		Debug|Any CPU = Debug|Any CPU
		Release|Any CPU = Release|Any CPU
	EndGlobalSection
	GlobalSection(ProjectConfigurationPlatforms) = postSolution
		{0C55A294-16A3-44FA-8BCD-4491CFD4AC37}.Debug|Any CPU.ActiveCfg = Debug|Any CPU
		{0C55A294-16A3-44FA-8BCD-4491CFD4AC37}.Debug|Any CPU.Build.0 = Debug|Any CPU
		{0C55A294-16A3-44FA-8BCD-4491CFD4AC37}.Release|Any CPU.ActiveCfg = Release|Any CPU
		{0C55A294-16A3-44FA-8BCD-4491CFD4AC37}.Release|Any CPU.Build.0 = Release|Any CPU
		{A36A6935-F2A7-44C6-B04D-60B82A2E874F}.Debug|Any CPU.ActiveCfg = Debug|Any CPU
		{A36A6935-F2A7-44C6-B04D-60B82A2E874F}.Debug|Any CPU.Build.0 = Debug|Any CPU
		{A36A6935-F2A7-44C6-B04D-60B82A2E874F}.Release|Any CPU.ActiveCfg = Release|Any CPU
		{A36A6935-F2A7-44C6-B04D-60B82A2E874F}.Release|Any CPU.Build.0 = Release|Any CPU
		{D77E1E42-75A3-4309-AE6F-7ACD826661F6}.Debug|Any CPU.ActiveCfg = Debug|Any CPU
		{D77E1E42-75A3-4309-AE6F-7ACD826661F6}.Debug|Any CPU.Build.0 = Debug|Any CPU
		{D77E1E42-75A3-4309-AE6F-7ACD826661F6}.Release|Any CPU.ActiveCfg = Release|Any CPU
		{D77E1E42-75A3-4309-AE6F-7ACD826661F6}.Release|Any CPU.Build.0 = Release|Any CPU
	EndGlobalSection
	GlobalSection(SolutionProperties) = preSolution
		HideSolutionNode = FALSE
	EndGlobalSection
	GlobalSection(ExtensibilityGlobals) = postSolution
		SolutionGuid = {D9B18894-47FD-4F0C-A1DF-046927B4A41B}
	EndGlobalSection
EndGlobal
